<?xml version="1.0" encoding="utf-8"?>
<Project ToolsVersion="4.0" xmlns="http://schemas.microsoft.com/developer/msbuild/2003">
  <ItemGroup>
    <Filter Include="Header Files">
      <UniqueIdentifier>{93995380-89BD-4b04-88EB-625FBE52EBFB}</UniqueIdentifier>
      <Extensions>h;hpp;hxx;hm;inl;inc;xsd</Extensions>
    </Filter>
    <Filter Include="Resource Files">
      <UniqueIdentifier>{67DA6AB6-F800-4c08-8B7A-83BB121AAD01}</UniqueIdentifier>
      <Extensions>rc;ico;cur;bmp;dlg;rc2;rct;bin;rgs;gif;jpg;jpeg;jpe;resx</Extensions>
    </Filter>
    <Filter Include="Source Files">
      <UniqueIdentifier>{4FC737F1-C7A5-4376-A066-2A32D752A2FF}</UniqueIdentifier>
      <Extensions>cpp;c;cc;cxx;def;odl;idl;hpj;bat;asm;asmx</Extensions>
    </Filter>
  </ItemGroup>
  <ItemGroup>
    <ClInclude Include="eulerangle.h">
      <Filter>Header Files</Filter>
    </ClInclude>
    <ClInclude Include="objectdb.h">
      <Filter>Header Files</Filter>
    </ClInclude>
    <ClInclude Include="quattype.h">
      <Filter>Header Files</Filter>
    </ClInclude>
    <ClInclude Include="scenscan.h">
      <Filter>Header Files</Filter>
    </ClInclude>
    <ClInclude Include="sctags.h">
      <Filter>Header Files</Filter>
    </ClInclude>
    <ClInclude Include="vecmat.h">
      <Filter>Header Files</Filter>
    </ClInclude>
    <ClInclude Include="xvrml.h">
      <Filter>Header Files</Filter>
    </ClInclude>
  </ItemGroup>
  <ItemGroup>
    <ClCompile Include="eulerangle.c">
      <Filter>Source Files</Filter>
    </ClCompile>
    <ClCompile Include="exportvrml.c">
      <Filter>Source Files</Filter>
    </ClCompile>
    <ClCompile Include="objectdb.c">
      <Filter>Source Files</Filter>
    </ClCompile>
    <ClCompile Include="odb2vrml.c">
      <Filter>Source Files</Filter>
    </ClCompile>
    <ClCompile Include="ptsearch.c">
      <Filter>Source Files</Filter>
    </ClCompile>
    <ClCompile Include="sctags.c">
      <Filter>Source Files</Filter>
    </ClCompile>
    <ClCompile Include="..\..\..\..\source\servmain.c">
      <Filter>Source Files</Filter>
    </ClCompile>
    <ClCompile Include="..\..\..\..\source\shutdown.c">
      <Filter>Source Files</Filter>
    </ClCompile>
    <ClCompile Include="..\..\..\..\source\startup.c">
      <Filter>Source Files</Filter>
    </ClCompile>
    <ClCompile Include="surface.c">
      <Filter>Source Files</Filter>
    </ClCompile>
    <ClCompile Include="..\..\..\..\source\username.c">
      <Filter>Source Files</Filter>
    </ClCompile>
    <ClCompile Include="vecmat.c">
      <Filter>Source Files</Filter>
    </ClCompile>
    <ClCompile Include="vmap.c">
      <Filter>Source Files</Filter>
    </ClCompile>
    <ClCompile Include="vrml_cobj.c">
      <Filter>Source Files</Filter>
    </ClCompile>
    <ClCompile Include="vrml_env.c">
      <Filter>Source Files</Filter>
    </ClCompile>
    <ClCompile Include="vrml_pan.c">
      <Filter>Source Files</Filter>
    </ClCompile>
  </ItemGroup>
</Project>