// !$*UTF8*$!
{
	archiveVersion = 1;
	classes = {
	};
	objectVersion = 42;
	objects = {

/* Begin PBXBuildFile section */
		04D7A6030B617FA000C92F9B /* servmain.c in Sources */ = {isa = PBXBuildFile; fileRef = 04D7A5FD0B617FA000C92F9B /* servmain.c */; };
		04D7A6040B617FA000C92F9B /* shutdown.c in Sources */ = {isa = PBXBuildFile; fileRef = 04D7A5FE0B617FA000C92F9B /* shutdown.c */; };
		04D7A6050B617FA000C92F9B /* startup.c in Sources */ = {isa = PBXBuildFile; fileRef = 04D7A5FF0B617FA000C92F9B /* startup.c */; };
		04D7A6060B617FA000C92F9B /* username.c in Sources */ = {isa = PBXBuildFile; fileRef = 04D7A6000B617FA000C92F9B /* username.c */; };
		04D7A6110B617FAB00C92F9B /* objectdb.c in Sources */ = {isa = PBXBuildFile; fileRef = 04D7A6070B617FAB00C92F9B /* objectdb.c */; };
		04D7A6120B617FAB00C92F9B /* plugin.c in Sources */ = {isa = PBXBuildFile; fileRef = 04D7A6090B617FAB00C92F9B /* plugin.c */; };
		04D7A6130B617FAB00C92F9B /* printdb.c in Sources */ = {isa = PBXBuildFile; fileRef = 04D7A60A0B617FAB00C92F9B /* printdb.c */; };
		04D7A6140B617FAB00C92F9B /* ptsearch.c in Sources */ = {isa = PBXBuildFile; fileRef = 04D7A60B0B617FAB00C92F9B /* ptsearch.c */; };
		04D7A6150B617FAB00C92F9B /* surface.c in Sources */ = {isa = PBXBuildFile; fileRef = 04D7A60D0B617FAB00C92F9B /* surface.c */; };
		04D7A6160B617FAB00C92F9B /* vecmat.c in Sources */ = {isa = PBXBuildFile; fileRef = 04D7A60E0B617FAB00C92F9B /* vecmat.c */; };
		04D7A6170B617FAB00C92F9B /* vmap.c in Sources */ = {isa = PBXBuildFile; fileRef = 04D7A6100B617FAB00C92F9B /* vmap.c */; };
		8D576314048677EA00EA77CD /* CoreFoundation.framework in Frameworks */ = {isa = PBXBuildFile; fileRef = 0AA1909FFE8422F4C02AAC07 /* CoreFoundation.framework */; };
/* End PBXBuildFile section */

/* Begin PBXFileReference section */
		04D7A5FC0B617FA000C92F9B /* servdesc.c */ = {isa = PBXFileReference; fileEncoding = 30; lastKnownFileType = sourcecode.c.c; name = servdesc.c; path = ../../../../source/servdesc.c; sourceTree = SOURCE_ROOT; };
		04D7A5FD0B617FA000C92F9B /* servmain.c */ = {isa = PBXFileReference; fileEncoding = 30; lastKnownFileType = sourcecode.c.c; name = servmain.c; path = ../../../../source/servmain.c; sourceTree = SOURCE_ROOT; };
		04D7A5FE0B617FA000C92F9B /* shutdown.c */ = {isa = PBXFileReference; fileEncoding = 30; lastKnownFileType = sourcecode.c.c; name = shutdown.c; path = ../../../../source/shutdown.c; sourceTree = SOURCE_ROOT; };
		04D7A5FF0B617FA000C92F9B /* startup.c */ = {isa = PBXFileReference; fileEncoding = 30; lastKnownFileType = sourcecode.c.c; name = startup.c; path = ../../../../source/startup.c; sourceTree = SOURCE_ROOT; };
		04D7A6000B617FA000C92F9B /* username.c */ = {isa = PBXFileReference; fileEncoding = 30; lastKnownFileType = sourcecode.c.c; name = username.c; path = ../../../../source/username.c; sourceTree = SOURCE_ROOT; };
		04D7A6070B617FAB00C92F9B /* objectdb.c */ = {isa = PBXFileReference; fileEncoding = 30; lastKnownFileType = sourcecode.c.c; path = objectdb.c; sourceTree = "<group>"; };
		04D7A6080B617FAB00C92F9B /* objectdb.h */ = {isa = PBXFileReference; fileEncoding = 30; lastKnownFileType = sourcecode.c.h; path = objectdb.h; sourceTree = "<group>"; };
		04D7A6090B617FAB00C92F9B /* plugin.c */ = {isa = PBXFileReference; fileEncoding = 30; lastKnownFileType = sourcecode.c.c; path = plugin.c; sourceTree = "<group>"; };
		04D7A60A0B617FAB00C92F9B /* printdb.c */ = {isa = PBXFileReference; fileEncoding = 30; lastKnownFileType = sourcecode.c.c; path = printdb.c; sourceTree = "<group>"; };
		04D7A60B0B617FAB00C92F9B /* ptsearch.c */ = {isa = PBXFileReference; fileEncoding = 30; lastKnownFileType = sourcecode.c.c; path = ptsearch.c; sourceTree = "<group>"; };
		04D7A60C0B617FAB00C92F9B /* scenscan.h */ = {isa = PBXFileReference; fileEncoding = 30; lastKnownFileType = sourcecode.c.h; path = scenscan.h; sourceTree = "<group>"; };
		04D7A60D0B617FAB00C92F9B /* surface.c */ = {isa = PBXFileReference; fileEncoding = 30; lastKnownFileType = sourcecode.c.c; path = surface.c; sourceTree = "<group>"; };
		04D7A60E0B617FAB00C92F9B /* vecmat.c */ = {isa = PBXFileReference; fileEncoding = 30; lastKnownFileType = sourcecode.c.c; path = vecmat.c; sourceTree = "<group>"; };
		04D7A60F0B617FAB00C92F9B /* vecmat.h */ = {isa = PBXFileReference; fileEncoding = 30; lastKnownFileType = sourcecode.c.h; path = vecmat.h; sourceTree = "<group>"; };
		04D7A6100B617FAB00C92F9B /* vmap.c */ = {isa = PBXFileReference; fileEncoding = 30; lastKnownFileType = sourcecode.c.c; path = vmap.c; sourceTree = "<group>"; };
		0AA1909FFE8422F4C02AAC07 /* CoreFoundation.framework */ = {isa = PBXFileReference; lastKnownFileType = wrapper.framework; name = CoreFoundation.framework; path = /System/Library/Frameworks/CoreFoundation.framework; sourceTree = "<absolute>"; };
		8D576316048677EA00EA77CD /* scenscan.plugin */ = {isa = PBXFileReference; explicitFileType = wrapper.cfbundle; includeInIndex = 0; path = scenscan.plugin; sourceTree = BUILT_PRODUCTS_DIR; };
		8D576317048677EA00EA77CD /* Info.plist */ = {isa = PBXFileReference; fileEncoding = 4; lastKnownFileType = text.plist; path = Info.plist; sourceTree = "<group>"; };
/* End PBXFileReference section */

/* Begin PBXFrameworksBuildPhase section */
		8D576313048677EA00EA77CD /* Frameworks */ = {
			isa = PBXFrameworksBuildPhase;
			buildActionMask = 2147483647;
			files = (
				8D576314048677EA00EA77CD /* CoreFoundation.framework in Frameworks */,
			);
			runOnlyForDeploymentPostprocessing = 0;
		};
/* End PBXFrameworksBuildPhase section */

/* Begin PBXGroup section */
		04D7A5F20B617F9900C92F9B /* lwsdk */ = {
			isa = PBXGroup;
			children = (
				04D7A5FC0B617FA000C92F9B /* servdesc.c */,
				04D7A5FD0B617FA000C92F9B /* servmain.c */,
				04D7A5FE0B617FA000C92F9B /* shutdown.c */,
				04D7A5FF0B617FA000C92F9B /* startup.c */,
				04D7A6000B617FA000C92F9B /* username.c */,
			);
			name = lwsdk;
			sourceTree = "<group>";
		};
		089C166AFE841209C02AAC07 /* scenscan */ = {
			isa = PBXGroup;
			children = (
				08FB77AFFE84173DC02AAC07 /* Source */,
				089C167CFE841241C02AAC07 /* Resources */,
				089C1671FE841209C02AAC07 /* External Frameworks and Libraries */,
				19C28FB6FE9D52B211CA2CBB /* Products */,
			);
			name = scenscan;
			sourceTree = "<group>";
		};
		089C1671FE841209C02AAC07 /* External Frameworks and Libraries */ = {
			isa = PBXGroup;
			children = (
				0AA1909FFE8422F4C02AAC07 /* CoreFoundation.framework */,
			);
			name = "External Frameworks and Libraries";
			sourceTree = "<group>";
		};
		089C167CFE841241C02AAC07 /* Resources */ = {
			isa = PBXGroup;
			children = (
				8D576317048677EA00EA77CD /* Info.plist */,
			);
			name = Resources;
			sourceTree = "<group>";
		};
		08FB77AFFE84173DC02AAC07 /* Source */ = {
			isa = PBXGroup;
			children = (
				04D7A6070B617FAB00C92F9B /* objectdb.c */,
				04D7A6080B617FAB00C92F9B /* objectdb.h */,
				04D7A6090B617FAB00C92F9B /* plugin.c */,
				04D7A60A0B617FAB00C92F9B /* printdb.c */,
				04D7A60B0B617FAB00C92F9B /* ptsearch.c */,
				04D7A60C0B617FAB00C92F9B /* scenscan.h */,
				04D7A60D0B617FAB00C92F9B /* surface.c */,
				04D7A60E0B617FAB00C92F9B /* vecmat.c */,
				04D7A60F0B617FAB00C92F9B /* vecmat.h */,
				04D7A6100B617FAB00C92F9B /* vmap.c */,
				04D7A5F20B617F9900C92F9B /* lwsdk */,
			);
			name = Source;
			sourceTree = "<group>";
		};
		19C28FB6FE9D52B211CA2CBB /* Products */ = {
			isa = PBXGroup;
			children = (
				8D576316048677EA00EA77CD /* scenscan.plugin */,
			);
			name = Products;
			sourceTree = "<group>";
		};
/* End PBXGroup section */

/* Begin PBXNativeTarget section */
		8D57630D048677EA00EA77CD /* scenscan */ = {
			isa = PBXNativeTarget;
			buildConfigurationList = 1DEB911A08733D790010E9CD /* Build configuration list for PBXNativeTarget "scenscan" */;
			buildPhases = (
				8D57630F048677EA00EA77CD /* Resources */,
				8D576311048677EA00EA77CD /* Sources */,
				8D576313048677EA00EA77CD /* Frameworks */,
			);
			buildRules = (
			);
			dependencies = (
			);
			name = scenscan;
			productInstallPath = "$(HOME)/Library/Bundles";
			productName = scenscan;
			productReference = 8D576316048677EA00EA77CD /* scenscan.plugin */;
			productType = "com.apple.product-type.bundle";
		};
/* End PBXNativeTarget section */

/* Begin PBXProject section */
		089C1669FE841209C02AAC07 /* Project object */ = {
			isa = PBXProject;
			buildConfigurationList = 1DEB911E08733D790010E9CD /* Build configuration list for PBXProject "scenscan" */;
			hasScannedForEncodings = 1;
			mainGroup = 089C166AFE841209C02AAC07 /* scenscan */;
			projectDirPath = "";
			targets = (
				8D57630D048677EA00EA77CD /* scenscan */,
			);
		};
/* End PBXProject section */

/* Begin PBXResourcesBuildPhase section */
		8D57630F048677EA00EA77CD /* Resources */ = {
			isa = PBXResourcesBuildPhase;
			buildActionMask = 2147483647;
			files = (
			);
			runOnlyForDeploymentPostprocessing = 0;
		};
/* End PBXResourcesBuildPhase section */

/* Begin PBXSourcesBuildPhase section */
		8D576311048677EA00EA77CD /* Sources */ = {
			isa = PBXSourcesBuildPhase;
			buildActionMask = 2147483647;
			files = (
				04D7A6030B617FA000C92F9B /* servmain.c in Sources */,
				04D7A6040B617FA000C92F9B /* shutdown.c in Sources */,
				04D7A6050B617FA000C92F9B /* startup.c in Sources */,
				04D7A6060B617FA000C92F9B /* username.c in Sources */,
				04D7A6110B617FAB00C92F9B /* objectdb.c in Sources */,
				04D7A6120B617FAB00C92F9B /* plugin.c in Sources */,
				04D7A6130B617FAB00C92F9B /* printdb.c in Sources */,
				04D7A6140B617FAB00C92F9B /* ptsearch.c in Sources */,
				04D7A6150B617FAB00C92F9B /* surface.c in Sources */,
				04D7A6160B617FAB00C92F9B /* vecmat.c in Sources */,
				04D7A6170B617FAB00C92F9B /* vmap.c in Sources */,
			);
			runOnlyForDeploymentPostprocessing = 0;
		};
/* End PBXSourcesBuildPhase section */

/* Begin XCBuildConfiguration section */
		1DEB911B08733D790010E9CD /* Debug */ = {
			isa = XCBuildConfiguration;
			buildSettings = {
				COPY_PHASE_STRIP = NO;
				GCC_DYNAMIC_NO_PIC = NO;
				GCC_ENABLE_FIX_AND_CONTINUE = YES;
				GCC_MODEL_TUNING = G5;
				GCC_OPTIMIZATION_LEVEL = 0;
				INFOPLIST_FILE = Info.plist;
				INSTALL_PATH = "$(HOME)/Library/Bundles";
				PRODUCT_NAME = scenscan;
				WRAPPER_EXTENSION = plugin;
				ZERO_LINK = YES;
			};
			name = Debug;
		};
		1DEB911C08733D790010E9CD /* Release */ = {
			isa = XCBuildConfiguration;
			buildSettings = {
				ARCHS = (
					ppc,
					i386,
				);
				GCC_GENERATE_DEBUGGING_SYMBOLS = NO;
				GCC_MODEL_TUNING = G5;
				INFOPLIST_FILE = Info.plist;
				INSTALL_PATH = "$(HOME)/Library/Bundles";
				PRODUCT_NAME = scenscan;
				WRAPPER_EXTENSION = plugin;
			};
			name = Release;
		};
		1DEB911F08733D790010E9CD /* Debug */ = {
			isa = XCBuildConfiguration;
			buildSettings = {
				GCC_PREPROCESSOR_DEFINITIONS = _MACOS;
				GCC_WARN_ABOUT_RETURN_TYPE = YES;
				GCC_WARN_UNUSED_VARIABLE = YES;
				HEADER_SEARCH_PATHS = ../../../../include;
				PREBINDING = NO;
				SDKROOT = /Developer/SDKs/MacOSX10.4u.sdk;
			};
			name = Debug;
		};
		1DEB912008733D790010E9CD /* Release */ = {
			isa = XCBuildConfiguration;
			buildSettings = {
				GCC_PREPROCESSOR_DEFINITIONS = _MACOS;
				GCC_WARN_ABOUT_RETURN_TYPE = YES;
				GCC_WARN_UNUSED_VARIABLE = YES;
				HEADER_SEARCH_PATHS = ../../../../include;
				PREBINDING = NO;
				SDKROOT = /Developer/SDKs/MacOSX10.4u.sdk;
			};
			name = Release;
		};
/* End XCBuildConfiguration section */

/* Begin XCConfigurationList section */
		1DEB911A08733D790010E9CD /* Build configuration list for PBXNativeTarget "scenscan" */ = {
			isa = XCConfigurationList;
			buildConfigurations = (
				1DEB911B08733D790010E9CD /* Debug */,
				1DEB911C08733D790010E9CD /* Release */,
			);
			defaultConfigurationIsVisible = 0;
			defaultConfigurationName = Release;
		};
		1DEB911E08733D790010E9CD /* Build configuration list for PBXProject "scenscan" */ = {
			isa = XCConfigurationList;
			buildConfigurations = (
				1DEB911F08733D790010E9CD /* Debug */,
				1DEB912008733D790010E9CD /* Release */,
			);
			defaultConfigurationIsVisible = 0;
			defaultConfigurationName = Release;
		};
/* End XCConfigurationList section */
	};
	rootObject = 089C1669FE841209C02AAC07 /* Project object */;
}
